// !$*UTF8*$!
{
	archiveVersion = 1;
	classes = {
	};
	objectVersion = 50;
	objects = {

/* Begin PBXBuildFile section */
		8D2B3FDC23EDD90000134480 /* CloudKit.framework in Frameworks */ = {isa = PBXBuildFile; fileRef = 8D2B3FDB23EDD90000134480 /* CloudKit.framework */; };
		8D5A8DAD23CA9E1200180782 /* AppDelegate.swift in Sources */ = {isa = PBXBuildFile; fileRef = 8D5A8DAC23CA9E1200180782 /* AppDelegate.swift */; };
		8D5A8DAF23CA9E1200180782 /* SceneDelegate.swift in Sources */ = {isa = PBXBuildFile; fileRef = 8D5A8DAE23CA9E1200180782 /* SceneDelegate.swift */; };
		8D5A8DB123CA9E1200180782 /* ContentView.swift in Sources */ = {isa = PBXBuildFile; fileRef = 8D5A8DB023CA9E1200180782 /* ContentView.swift */; };
		8D5A8DB323CA9E1900180782 /* Assets.xcassets in Resources */ = {isa = PBXBuildFile; fileRef = 8D5A8DB223CA9E1900180782 /* Assets.xcassets */; };
		8D5A8DB623CA9E1900180782 /* Preview Assets.xcassets in Resources */ = {isa = PBXBuildFile; fileRef = 8D5A8DB523CA9E1900180782 /* Preview Assets.xcassets */; };
		8D5A8DB923CA9E1900180782 /* LaunchScreen.storyboard in Resources */ = {isa = PBXBuildFile; fileRef = 8D5A8DB723CA9E1900180782 /* LaunchScreen.storyboard */; };
		8D5A8DC423CA9E1A00180782 /* TodoSwiftUITests.swift in Sources */ = {isa = PBXBuildFile; fileRef = 8D5A8DC323CA9E1A00180782 /* TodoSwiftUITests.swift */; };
		8D5A8DD023CB56E200180782 /* TodoItem.swift in Sources */ = {isa = PBXBuildFile; fileRef = 8D5A8DCF23CB56E200180782 /* TodoItem.swift */; };
		8D5A8DD323CB5B5500180782 /* TodoListView.swift in Sources */ = {isa = PBXBuildFile; fileRef = 8D5A8DD223CB5B5500180782 /* TodoListView.swift */; };
		8D5A8DD623CB5B7100180782 /* TodoListViewModel.swift in Sources */ = {isa = PBXBuildFile; fileRef = 8D5A8DD523CB5B7100180782 /* TodoListViewModel.swift */; };
		8D5A8DD923CB608F00180782 /* TodoListService.swift in Sources */ = {isa = PBXBuildFile; fileRef = 8D5A8DD823CB608F00180782 /* TodoListService.swift */; };
		8D7681E923E9B39800E13752 /* TodoSwiftUI.xcdatamodeld in Sources */ = {isa = PBXBuildFile; fileRef = 8D7681E723E9B39800E13752 /* TodoSwiftUI.xcdatamodeld */; };
		8D7BD8BA23CBE2E300FD6CAF /* TodoItemRow.swift in Sources */ = {isa = PBXBuildFile; fileRef = 8D7BD8B923CBE2E300FD6CAF /* TodoItemRow.swift */; };
		8D7BD8BD23D138ED00FD6CAF /* NewToDoView.swift in Sources */ = {isa = PBXBuildFile; fileRef = 8D7BD8BC23D138ED00FD6CAF /* NewToDoView.swift */; };
		8D7BD8BF23D1390500FD6CAF /* NewToDoViewModel.swift in Sources */ = {isa = PBXBuildFile; fileRef = 8D7BD8BE23D1390500FD6CAF /* NewToDoViewModel.swift */; };
		8D7BD8C123DDC5BC00FD6CAF /* TodoListServices.swift in Sources */ = {isa = PBXBuildFile; fileRef = 8D7BD8C023DDC5BC00FD6CAF /* TodoListServices.swift */; };
		8D7BD8C623DE0F3C00FD6CAF /* NewToDoViewModelTests.swift in Sources */ = {isa = PBXBuildFile; fileRef = 8D7BD8C523DE0F3C00FD6CAF /* NewToDoViewModelTests.swift */; };
		8D7BD8C823DE0F5300FD6CAF /* TodoListServiceSuccessMock.swift in Sources */ = {isa = PBXBuildFile; fileRef = 8D7BD8C723DE0F5300FD6CAF /* TodoListServiceSuccessMock.swift */; };
		8D7BD8CA23DE140500FD6CAF /* TodoListServiceFailureMock.swift in Sources */ = {isa = PBXBuildFile; fileRef = 8D7BD8C923DE140500FD6CAF /* TodoListServiceFailureMock.swift */; };
		8D9FA13D23E7675A001FDB79 /* CoraDataStack.swift in Sources */ = {isa = PBXBuildFile; fileRef = 8D9FA13C23E7675A001FDB79 /* CoraDataStack.swift */; };
		8D9FA13F23E776A4001FDB79 /* CoreDataManager.swift in Sources */ = {isa = PBXBuildFile; fileRef = 8D9FA13E23E776A4001FDB79 /* CoreDataManager.swift */; };
/* End PBXBuildFile section */

/* Begin PBXContainerItemProxy section */
		8D5A8DC023CA9E1A00180782 /* PBXContainerItemProxy */ = {
			isa = PBXContainerItemProxy;
			containerPortal = 8D5A8DA123CA9E1200180782 /* Project object */;
			proxyType = 1;
			remoteGlobalIDString = 8D5A8DA823CA9E1200180782;
			remoteInfo = TodoSwiftUI;
		};
/* End PBXContainerItemProxy section */

/* Begin PBXFileReference section */
		8D2B3FD923EDD8E600134480 /* TodoSwiftUI.entitlements */ = {isa = PBXFileReference; lastKnownFileType = text.plist.entitlements; path = TodoSwiftUI.entitlements; sourceTree = "<group>"; };
		8D2B3FDB23EDD90000134480 /* CloudKit.framework */ = {isa = PBXFileReference; lastKnownFileType = wrapper.framework; name = CloudKit.framework; path = System/Library/Frameworks/CloudKit.framework; sourceTree = SDKROOT; };
		8D5A8DA923CA9E1200180782 /* TodoSwiftUI.app */ = {isa = PBXFileReference; explicitFileType = wrapper.application; includeInIndex = 0; path = TodoSwiftUI.app; sourceTree = BUILT_PRODUCTS_DIR; };
		8D5A8DAC23CA9E1200180782 /* AppDelegate.swift */ = {isa = PBXFileReference; lastKnownFileType = sourcecode.swift; path = AppDelegate.swift; sourceTree = "<group>"; };
		8D5A8DAE23CA9E1200180782 /* SceneDelegate.swift */ = {isa = PBXFileReference; lastKnownFileType = sourcecode.swift; path = SceneDelegate.swift; sourceTree = "<group>"; };
		8D5A8DB023CA9E1200180782 /* ContentView.swift */ = {isa = PBXFileReference; lastKnownFileType = sourcecode.swift; path = ContentView.swift; sourceTree = "<group>"; };
		8D5A8DB223CA9E1900180782 /* Assets.xcassets */ = {isa = PBXFileReference; lastKnownFileType = folder.assetcatalog; path = Assets.xcassets; sourceTree = "<group>"; };
		8D5A8DB523CA9E1900180782 /* Preview Assets.xcassets */ = {isa = PBXFileReference; lastKnownFileType = folder.assetcatalog; path = "Preview Assets.xcassets"; sourceTree = "<group>"; };
		8D5A8DB823CA9E1900180782 /* Base */ = {isa = PBXFileReference; lastKnownFileType = file.storyboard; name = Base; path = Base.lproj/LaunchScreen.storyboard; sourceTree = "<group>"; };
		8D5A8DBA23CA9E1900180782 /* Info.plist */ = {isa = PBXFileReference; lastKnownFileType = text.plist.xml; path = Info.plist; sourceTree = "<group>"; };
		8D5A8DBF23CA9E1A00180782 /* TodoSwiftUITests.xctest */ = {isa = PBXFileReference; explicitFileType = wrapper.cfbundle; includeInIndex = 0; path = TodoSwiftUITests.xctest; sourceTree = BUILT_PRODUCTS_DIR; };
		8D5A8DC323CA9E1A00180782 /* TodoSwiftUITests.swift */ = {isa = PBXFileReference; lastKnownFileType = sourcecode.swift; path = TodoSwiftUITests.swift; sourceTree = "<group>"; };
		8D5A8DC523CA9E1A00180782 /* Info.plist */ = {isa = PBXFileReference; lastKnownFileType = text.plist.xml; path = Info.plist; sourceTree = "<group>"; };
		8D5A8DCF23CB56E200180782 /* TodoItem.swift */ = {isa = PBXFileReference; lastKnownFileType = sourcecode.swift; path = TodoItem.swift; sourceTree = "<group>"; };
		8D5A8DD223CB5B5500180782 /* TodoListView.swift */ = {isa = PBXFileReference; lastKnownFileType = sourcecode.swift; path = TodoListView.swift; sourceTree = "<group>"; };
		8D5A8DD523CB5B7100180782 /* TodoListViewModel.swift */ = {isa = PBXFileReference; lastKnownFileType = sourcecode.swift; path = TodoListViewModel.swift; sourceTree = "<group>"; };
		8D5A8DD823CB608F00180782 /* TodoListService.swift */ = {isa = PBXFileReference; lastKnownFileType = sourcecode.swift; path = TodoListService.swift; sourceTree = "<group>"; };
		8D7681E823E9B39800E13752 /* TodoSwiftUI.xcdatamodel */ = {isa = PBXFileReference; lastKnownFileType = wrapper.xcdatamodel; path = TodoSwiftUI.xcdatamodel; sourceTree = "<group>"; };
		8D7BD8B923CBE2E300FD6CAF /* TodoItemRow.swift */ = {isa = PBXFileReference; lastKnownFileType = sourcecode.swift; path = TodoItemRow.swift; sourceTree = "<group>"; };
		8D7BD8BC23D138ED00FD6CAF /* NewToDoView.swift */ = {isa = PBXFileReference; lastKnownFileType = sourcecode.swift; path = NewToDoView.swift; sourceTree = "<group>"; };
		8D7BD8BE23D1390500FD6CAF /* NewToDoViewModel.swift */ = {isa = PBXFileReference; lastKnownFileType = sourcecode.swift; path = NewToDoViewModel.swift; sourceTree = "<group>"; };
		8D7BD8C023DDC5BC00FD6CAF /* TodoListServices.swift */ = {isa = PBXFileReference; lastKnownFileType = sourcecode.swift; path = TodoListServices.swift; sourceTree = "<group>"; };
		8D7BD8C523DE0F3C00FD6CAF /* NewToDoViewModelTests.swift */ = {isa = PBXFileReference; lastKnownFileType = sourcecode.swift; path = NewToDoViewModelTests.swift; sourceTree = "<group>"; };
		8D7BD8C723DE0F5300FD6CAF /* TodoListServiceSuccessMock.swift */ = {isa = PBXFileReference; lastKnownFileType = sourcecode.swift; path = TodoListServiceSuccessMock.swift; sourceTree = "<group>"; };
		8D7BD8C923DE140500FD6CAF /* TodoListServiceFailureMock.swift */ = {isa = PBXFileReference; lastKnownFileType = sourcecode.swift; path = TodoListServiceFailureMock.swift; sourceTree = "<group>"; };
		8D9FA13C23E7675A001FDB79 /* CoraDataStack.swift */ = {isa = PBXFileReference; lastKnownFileType = sourcecode.swift; path = CoraDataStack.swift; sourceTree = "<group>"; };
		8D9FA13E23E776A4001FDB79 /* CoreDataManager.swift */ = {isa = PBXFileReference; lastKnownFileType = sourcecode.swift; path = CoreDataManager.swift; sourceTree = "<group>"; };
/* End PBXFileReference section */

/* Begin PBXFrameworksBuildPhase section */
		8D5A8DA623CA9E1200180782 /* Frameworks */ = {
			isa = PBXFrameworksBuildPhase;
			buildActionMask = 2147483647;
			files = (
				8D2B3FDC23EDD90000134480 /* CloudKit.framework in Frameworks */,
			);
			runOnlyForDeploymentPostprocessing = 0;
		};
		8D5A8DBC23CA9E1A00180782 /* Frameworks */ = {
			isa = PBXFrameworksBuildPhase;
			buildActionMask = 2147483647;
			files = (
			);
			runOnlyForDeploymentPostprocessing = 0;
		};
/* End PBXFrameworksBuildPhase section */

/* Begin PBXGroup section */
		8D2B3FDA23EDD90000134480 /* Frameworks */ = {
			isa = PBXGroup;
			children = (
				8D2B3FDB23EDD90000134480 /* CloudKit.framework */,
			);
			name = Frameworks;
			sourceTree = "<group>";
		};
		8D5A8DA023CA9E1200180782 = {
			isa = PBXGroup;
			children = (
				8D5A8DAB23CA9E1200180782 /* TodoSwiftUI */,
				8D5A8DC223CA9E1A00180782 /* TodoSwiftUITests */,
				8D5A8DAA23CA9E1200180782 /* Products */,
				8D2B3FDA23EDD90000134480 /* Frameworks */,
			);
			sourceTree = "<group>";
		};
		8D5A8DAA23CA9E1200180782 /* Products */ = {
			isa = PBXGroup;
			children = (
				8D5A8DA923CA9E1200180782 /* TodoSwiftUI.app */,
				8D5A8DBF23CA9E1A00180782 /* TodoSwiftUITests.xctest */,
			);
			name = Products;
			sourceTree = "<group>";
		};
		8D5A8DAB23CA9E1200180782 /* TodoSwiftUI */ = {
			isa = PBXGroup;
			children = (
				8D2B3FD923EDD8E600134480 /* TodoSwiftUI.entitlements */,
				8D9FA13823E74274001FDB79 /* Resources */,
				8D9FA13723E72996001FDB79 /* CoreData */,
				8D5A8DD723CB5FF800180782 /* Service */,
				8D5A8DD123CB5B4500180782 /* Views */,
				8D5A8DCE23CB569500180782 /* Models */,
				8D5A8DBA23CA9E1900180782 /* Info.plist */,
				8D5A8DB423CA9E1900180782 /* Preview Content */,
			);
			path = TodoSwiftUI;
			sourceTree = "<group>";
		};
		8D5A8DB423CA9E1900180782 /* Preview Content */ = {
			isa = PBXGroup;
			children = (
				8D5A8DB523CA9E1900180782 /* Preview Assets.xcassets */,
			);
			path = "Preview Content";
			sourceTree = "<group>";
		};
		8D5A8DC223CA9E1A00180782 /* TodoSwiftUITests */ = {
			isa = PBXGroup;
			children = (
				8D7BD8C223DE0EE900FD6CAF /* Views */,
				8D5A8DC323CA9E1A00180782 /* TodoSwiftUITests.swift */,
				8D5A8DC523CA9E1A00180782 /* Info.plist */,
			);
			path = TodoSwiftUITests;
			sourceTree = "<group>";
		};
		8D5A8DCE23CB569500180782 /* Models */ = {
			isa = PBXGroup;
			children = (
				8D5A8DCF23CB56E200180782 /* TodoItem.swift */,
			);
			path = Models;
			sourceTree = "<group>";
		};
		8D5A8DD123CB5B4500180782 /* Views */ = {
			isa = PBXGroup;
			children = (
				8D7BD8BB23D138CA00FD6CAF /* NewToDo */,
				8D5A8DD423CB5B5F00180782 /* List */,
			);
			path = Views;
			sourceTree = "<group>";
		};
		8D5A8DD423CB5B5F00180782 /* List */ = {
			isa = PBXGroup;
			children = (
				8D5A8DD223CB5B5500180782 /* TodoListView.swift */,
				8D5A8DD523CB5B7100180782 /* TodoListViewModel.swift */,
				8D7BD8B923CBE2E300FD6CAF /* TodoItemRow.swift */,
			);
			path = List;
			sourceTree = "<group>";
		};
		8D5A8DD723CB5FF800180782 /* Service */ = {
			isa = PBXGroup;
			children = (
				8D5A8DD823CB608F00180782 /* TodoListService.swift */,
				8D7BD8C023DDC5BC00FD6CAF /* TodoListServices.swift */,
			);
			path = Service;
			sourceTree = "<group>";
		};
		8D7BD8BB23D138CA00FD6CAF /* NewToDo */ = {
			isa = PBXGroup;
			children = (
				8D7BD8BC23D138ED00FD6CAF /* NewToDoView.swift */,
				8D7BD8BE23D1390500FD6CAF /* NewToDoViewModel.swift */,
			);
			path = NewToDo;
			sourceTree = "<group>";
		};
		8D7BD8C223DE0EE900FD6CAF /* Views */ = {
			isa = PBXGroup;
			children = (
				8D7BD8C423DE0F2600FD6CAF /* Mock */,
				8D7BD8C323DE0EFD00FD6CAF /* NewToDo */,
			);
			path = Views;
			sourceTree = "<group>";
		};
		8D7BD8C323DE0EFD00FD6CAF /* NewToDo */ = {
			isa = PBXGroup;
			children = (
				8D7BD8C523DE0F3C00FD6CAF /* NewToDoViewModelTests.swift */,
			);
			path = NewToDo;
			sourceTree = "<group>";
		};
		8D7BD8C423DE0F2600FD6CAF /* Mock */ = {
			isa = PBXGroup;
			children = (
				8D7BD8C723DE0F5300FD6CAF /* TodoListServiceSuccessMock.swift */,
				8D7BD8C923DE140500FD6CAF /* TodoListServiceFailureMock.swift */,
			);
			path = Mock;
			sourceTree = "<group>";
		};
		8D9FA13723E72996001FDB79 /* CoreData */ = {
			isa = PBXGroup;
			children = (
				8D9FA13C23E7675A001FDB79 /* CoraDataStack.swift */,
				8D9FA13E23E776A4001FDB79 /* CoreDataManager.swift */,
			);
			path = CoreData;
			sourceTree = "<group>";
		};
		8D9FA13823E74274001FDB79 /* Resources */ = {
			isa = PBXGroup;
			children = (
				8D7681E723E9B39800E13752 /* TodoSwiftUI.xcdatamodeld */,
				8D5A8DAC23CA9E1200180782 /* AppDelegate.swift */,
				8D5A8DAE23CA9E1200180782 /* SceneDelegate.swift */,
				8D5A8DB023CA9E1200180782 /* ContentView.swift */,
				8D5A8DB223CA9E1900180782 /* Assets.xcassets */,
				8D5A8DB723CA9E1900180782 /* LaunchScreen.storyboard */,
			);
			path = Resources;
			sourceTree = "<group>";
		};
/* End PBXGroup section */

/* Begin PBXNativeTarget section */
		8D5A8DA823CA9E1200180782 /* TodoSwiftUI */ = {
			isa = PBXNativeTarget;
			buildConfigurationList = 8D5A8DC823CA9E1A00180782 /* Build configuration list for PBXNativeTarget "TodoSwiftUI" */;
			buildPhases = (
				8D5A8DA523CA9E1200180782 /* Sources */,
				8D5A8DA623CA9E1200180782 /* Frameworks */,
				8D5A8DA723CA9E1200180782 /* Resources */,
			);
			buildRules = (
			);
			dependencies = (
			);
			name = TodoSwiftUI;
			productName = TodoSwiftUI;
			productReference = 8D5A8DA923CA9E1200180782 /* TodoSwiftUI.app */;
			productType = "com.apple.product-type.application";
		};
		8D5A8DBE23CA9E1A00180782 /* TodoSwiftUITests */ = {
			isa = PBXNativeTarget;
			buildConfigurationList = 8D5A8DCB23CA9E1A00180782 /* Build configuration list for PBXNativeTarget "TodoSwiftUITests" */;
			buildPhases = (
				8D5A8DBB23CA9E1A00180782 /* Sources */,
				8D5A8DBC23CA9E1A00180782 /* Frameworks */,
				8D5A8DBD23CA9E1A00180782 /* Resources */,
			);
			buildRules = (
			);
			dependencies = (
				8D5A8DC123CA9E1A00180782 /* PBXTargetDependency */,
			);
			name = TodoSwiftUITests;
			productName = TodoSwiftUITests;
			productReference = 8D5A8DBF23CA9E1A00180782 /* TodoSwiftUITests.xctest */;
			productType = "com.apple.product-type.bundle.unit-test";
		};
/* End PBXNativeTarget section */

/* Begin PBXProject section */
		8D5A8DA123CA9E1200180782 /* Project object */ = {
			isa = PBXProject;
			attributes = {
				LastSwiftUpdateCheck = 1120;
				LastUpgradeCheck = 1120;
				ORGANIZATIONNAME = "Laura Corssac";
				TargetAttributes = {
					8D5A8DA823CA9E1200180782 = {
						CreatedOnToolsVersion = 11.2;
					};
					8D5A8DBE23CA9E1A00180782 = {
						CreatedOnToolsVersion = 11.2;
						TestTargetID = 8D5A8DA823CA9E1200180782;
					};
				};
			};
			buildConfigurationList = 8D5A8DA423CA9E1200180782 /* Build configuration list for PBXProject "TodoSwiftUI" */;
			compatibilityVersion = "Xcode 9.3";
			developmentRegion = en;
			hasScannedForEncodings = 0;
			knownRegions = (
				en,
				Base,
			);
			mainGroup = 8D5A8DA023CA9E1200180782;
			productRefGroup = 8D5A8DAA23CA9E1200180782 /* Products */;
			projectDirPath = "";
			projectRoot = "";
			targets = (
				8D5A8DA823CA9E1200180782 /* TodoSwiftUI */,
				8D5A8DBE23CA9E1A00180782 /* TodoSwiftUITests */,
			);
		};
/* End PBXProject section */

/* Begin PBXResourcesBuildPhase section */
		8D5A8DA723CA9E1200180782 /* Resources */ = {
			isa = PBXResourcesBuildPhase;
			buildActionMask = 2147483647;
			files = (
				8D5A8DB923CA9E1900180782 /* LaunchScreen.storyboard in Resources */,
				8D5A8DB623CA9E1900180782 /* Preview Assets.xcassets in Resources */,
				8D5A8DB323CA9E1900180782 /* Assets.xcassets in Resources */,
			);
			runOnlyForDeploymentPostprocessing = 0;
		};
		8D5A8DBD23CA9E1A00180782 /* Resources */ = {
			isa = PBXResourcesBuildPhase;
			buildActionMask = 2147483647;
			files = (
			);
			runOnlyForDeploymentPostprocessing = 0;
		};
/* End PBXResourcesBuildPhase section */

/* Begin PBXSourcesBuildPhase section */
		8D5A8DA523CA9E1200180782 /* Sources */ = {
			isa = PBXSourcesBuildPhase;
			buildActionMask = 2147483647;
			files = (
				8D7BD8BD23D138ED00FD6CAF /* NewToDoView.swift in Sources */,
				8D5A8DD923CB608F00180782 /* TodoListService.swift in Sources */,
				8D7BD8BA23CBE2E300FD6CAF /* TodoItemRow.swift in Sources */,
				8D5A8DAD23CA9E1200180782 /* AppDelegate.swift in Sources */,
				8D9FA13D23E7675A001FDB79 /* CoraDataStack.swift in Sources */,
				8D5A8DAF23CA9E1200180782 /* SceneDelegate.swift in Sources */,
				8D7BD8BF23D1390500FD6CAF /* NewToDoViewModel.swift in Sources */,
				8D5A8DD323CB5B5500180782 /* TodoListView.swift in Sources */,
				8D5A8DD023CB56E200180782 /* TodoItem.swift in Sources */,
				8D7681E923E9B39800E13752 /* TodoSwiftUI.xcdatamodeld in Sources */,
				8D7BD8C123DDC5BC00FD6CAF /* TodoListServices.swift in Sources */,
				8D5A8DD623CB5B7100180782 /* TodoListViewModel.swift in Sources */,
				8D9FA13F23E776A4001FDB79 /* CoreDataManager.swift in Sources */,
				8D5A8DB123CA9E1200180782 /* ContentView.swift in Sources */,
			);
			runOnlyForDeploymentPostprocessing = 0;
		};
		8D5A8DBB23CA9E1A00180782 /* Sources */ = {
			isa = PBXSourcesBuildPhase;
			buildActionMask = 2147483647;
			files = (
				8D7BD8CA23DE140500FD6CAF /* TodoListServiceFailureMock.swift in Sources */,
				8D5A8DC423CA9E1A00180782 /* TodoSwiftUITests.swift in Sources */,
				8D7BD8C823DE0F5300FD6CAF /* TodoListServiceSuccessMock.swift in Sources */,
				8D7BD8C623DE0F3C00FD6CAF /* NewToDoViewModelTests.swift in Sources */,
			);
			runOnlyForDeploymentPostprocessing = 0;
		};
/* End PBXSourcesBuildPhase section */

/* Begin PBXTargetDependency section */
		8D5A8DC123CA9E1A00180782 /* PBXTargetDependency */ = {
			isa = PBXTargetDependency;
			target = 8D5A8DA823CA9E1200180782 /* TodoSwiftUI */;
			targetProxy = 8D5A8DC023CA9E1A00180782 /* PBXContainerItemProxy */;
		};
/* End PBXTargetDependency section */

/* Begin PBXVariantGroup section */
		8D5A8DB723CA9E1900180782 /* LaunchScreen.storyboard */ = {
			isa = PBXVariantGroup;
			children = (
				8D5A8DB823CA9E1900180782 /* Base */,
			);
			name = LaunchScreen.storyboard;
			sourceTree = "<group>";
		};
/* End PBXVariantGroup section */

/* Begin XCBuildConfiguration section */
		8D5A8DC623CA9E1A00180782 /* Debug */ = {
			isa = XCBuildConfiguration;
			buildSettings = {
				ALWAYS_SEARCH_USER_PATHS = NO;
				CLANG_ANALYZER_NONNULL = YES;
				CLANG_ANALYZER_NUMBER_OBJECT_CONVERSION = YES_AGGRESSIVE;
				CLANG_CXX_LANGUAGE_STANDARD = "gnu++14";
				CLANG_CXX_LIBRARY = "libc++";
				CLANG_ENABLE_MODULES = YES;
				CLANG_ENABLE_OBJC_ARC = YES;
				CLANG_ENABLE_OBJC_WEAK = YES;
				CLANG_WARN_BLOCK_CAPTURE_AUTORELEASING = YES;
				CLANG_WARN_BOOL_CONVERSION = YES;
				CLANG_WARN_COMMA = YES;
				CLANG_WARN_CONSTANT_CONVERSION = YES;
				CLANG_WARN_DEPRECATED_OBJC_IMPLEMENTATIONS = YES;
				CLANG_WARN_DIRECT_OBJC_ISA_USAGE = YES_ERROR;
				CLANG_WARN_DOCUMENTATION_COMMENTS = YES;
				CLANG_WARN_EMPTY_BODY = YES;
				CLANG_WARN_ENUM_CONVERSION = YES;
				CLANG_WARN_INFINITE_RECURSION = YES;
				CLANG_WARN_INT_CONVERSION = YES;
				CLANG_WARN_NON_LITERAL_NULL_CONVERSION = YES;
				CLANG_WARN_OBJC_IMPLICIT_RETAIN_SELF = YES;
				CLANG_WARN_OBJC_LITERAL_CONVERSION = YES;
				CLANG_WARN_OBJC_ROOT_CLASS = YES_ERROR;
				CLANG_WARN_RANGE_LOOP_ANALYSIS = YES;
				CLANG_WARN_STRICT_PROTOTYPES = YES;
				CLANG_WARN_SUSPICIOUS_MOVE = YES;
				CLANG_WARN_UNGUARDED_AVAILABILITY = YES_AGGRESSIVE;
				CLANG_WARN_UNREACHABLE_CODE = YES;
				CLANG_WARN__DUPLICATE_METHOD_MATCH = YES;
				COPY_PHASE_STRIP = NO;
				DEBUG_INFORMATION_FORMAT = dwarf;
				ENABLE_STRICT_OBJC_MSGSEND = YES;
				ENABLE_TESTABILITY = YES;
				GCC_C_LANGUAGE_STANDARD = gnu11;
				GCC_DYNAMIC_NO_PIC = NO;
				GCC_NO_COMMON_BLOCKS = YES;
				GCC_OPTIMIZATION_LEVEL = 0;
				GCC_PREPROCESSOR_DEFINITIONS = (
					"DEBUG=1",
					"$(inherited)",
				);
				GCC_WARN_64_TO_32_BIT_CONVERSION = YES;
				GCC_WARN_ABOUT_RETURN_TYPE = YES_ERROR;
				GCC_WARN_UNDECLARED_SELECTOR = YES;
				GCC_WARN_UNINITIALIZED_AUTOS = YES_AGGRESSIVE;
				GCC_WARN_UNUSED_FUNCTION = YES;
				GCC_WARN_UNUSED_VARIABLE = YES;
				IPHONEOS_DEPLOYMENT_TARGET = 13.2;
				MTL_ENABLE_DEBUG_INFO = INCLUDE_SOURCE;
				MTL_FAST_MATH = YES;
				ONLY_ACTIVE_ARCH = YES;
				SDKROOT = iphoneos;
				SWIFT_ACTIVE_COMPILATION_CONDITIONS = DEBUG;
				SWIFT_OPTIMIZATION_LEVEL = "-Onone";
			};
			name = Debug;
		};
		8D5A8DC723CA9E1A00180782 /* Release */ = {
			isa = XCBuildConfiguration;
			buildSettings = {
				ALWAYS_SEARCH_USER_PATHS = NO;
				CLANG_ANALYZER_NONNULL = YES;
				CLANG_ANALYZER_NUMBER_OBJECT_CONVERSION = YES_AGGRESSIVE;
				CLANG_CXX_LANGUAGE_STANDARD = "gnu++14";
				CLANG_CXX_LIBRARY = "libc++";
				CLANG_ENABLE_MODULES = YES;
				CLANG_ENABLE_OBJC_ARC = YES;
				CLANG_ENABLE_OBJC_WEAK = YES;
				CLANG_WARN_BLOCK_CAPTURE_AUTORELEASING = YES;
				CLANG_WARN_BOOL_CONVERSION = YES;
				CLANG_WARN_COMMA = YES;
				CLANG_WARN_CONSTANT_CONVERSION = YES;
				CLANG_WARN_DEPRECATED_OBJC_IMPLEMENTATIONS = YES;
				CLANG_WARN_DIRECT_OBJC_ISA_USAGE = YES_ERROR;
				CLANG_WARN_DOCUMENTATION_COMMENTS = YES;
				CLANG_WARN_EMPTY_BODY = YES;
				CLANG_WARN_ENUM_CONVERSION = YES;
				CLANG_WARN_INFINITE_RECURSION = YES;
				CLANG_WARN_INT_CONVERSION = YES;
				CLANG_WARN_NON_LITERAL_NULL_CONVERSION = YES;
				CLANG_WARN_OBJC_IMPLICIT_RETAIN_SELF = YES;
				CLANG_WARN_OBJC_LITERAL_CONVERSION = YES;
				CLANG_WARN_OBJC_ROOT_CLASS = YES_ERROR;
				CLANG_WARN_RANGE_LOOP_ANALYSIS = YES;
				CLANG_WARN_STRICT_PROTOTYPES = YES;
				CLANG_WARN_SUSPICIOUS_MOVE = YES;
				CLANG_WARN_UNGUARDED_AVAILABILITY = YES_AGGRESSIVE;
				CLANG_WARN_UNREACHABLE_CODE = YES;
				CLANG_WARN__DUPLICATE_METHOD_MATCH = YES;
				COPY_PHASE_STRIP = NO;
				DEBUG_INFORMATION_FORMAT = "dwarf-with-dsym";
				ENABLE_NS_ASSERTIONS = NO;
				ENABLE_STRICT_OBJC_MSGSEND = YES;
				GCC_C_LANGUAGE_STANDARD = gnu11;
				GCC_NO_COMMON_BLOCKS = YES;
				GCC_WARN_64_TO_32_BIT_CONVERSION = YES;
				GCC_WARN_ABOUT_RETURN_TYPE = YES_ERROR;
				GCC_WARN_UNDECLARED_SELECTOR = YES;
				GCC_WARN_UNINITIALIZED_AUTOS = YES_AGGRESSIVE;
				GCC_WARN_UNUSED_FUNCTION = YES;
				GCC_WARN_UNUSED_VARIABLE = YES;
				IPHONEOS_DEPLOYMENT_TARGET = 13.2;
				MTL_ENABLE_DEBUG_INFO = NO;
				MTL_FAST_MATH = YES;
				SDKROOT = iphoneos;
				SWIFT_COMPILATION_MODE = wholemodule;
				SWIFT_OPTIMIZATION_LEVEL = "-O";
				VALIDATE_PRODUCT = YES;
			};
			name = Release;
		};
		8D5A8DC923CA9E1A00180782 /* Debug */ = {
			isa = XCBuildConfiguration;
			buildSettings = {
				ASSETCATALOG_COMPILER_APPICON_NAME = AppIcon;
				CODE_SIGN_ENTITLEMENTS = TodoSwiftUI/TodoSwiftUI.entitlements;
				CODE_SIGN_STYLE = Automatic;
				DEVELOPMENT_ASSET_PATHS = "\"TodoSwiftUI/Preview Content\"";
				DEVELOPMENT_TEAM = HXG58UK739;
				ENABLE_PREVIEWS = YES;
				INFOPLIST_FILE = TodoSwiftUI/Info.plist;
				LD_RUNPATH_SEARCH_PATHS = (
					"$(inherited)",
					"@executable_path/Frameworks",
				);
				PRODUCT_BUNDLE_IDENTIFIER = lauracorssac.TodoSwiftUI;
				PRODUCT_NAME = "$(TARGET_NAME)";
				SWIFT_VERSION = 5.0;
				TARGETED_DEVICE_FAMILY = "1,2";
			};
			name = Debug;
		};
		8D5A8DCA23CA9E1A00180782 /* Release */ = {
			isa = XCBuildConfiguration;
			buildSettings = {
				ASSETCATALOG_COMPILER_APPICON_NAME = AppIcon;
				CODE_SIGN_ENTITLEMENTS = TodoSwiftUI/TodoSwiftUI.entitlements;
				CODE_SIGN_STYLE = Automatic;
				DEVELOPMENT_ASSET_PATHS = "\"TodoSwiftUI/Preview Content\"";
				DEVELOPMENT_TEAM = HXG58UK739;
				ENABLE_PREVIEWS = YES;
				INFOPLIST_FILE = TodoSwiftUI/Info.plist;
				LD_RUNPATH_SEARCH_PATHS = (
					"$(inherited)",
					"@executable_path/Frameworks",
				);
				PRODUCT_BUNDLE_IDENTIFIER = lauracorssac.TodoSwiftUI;
				PRODUCT_NAME = "$(TARGET_NAME)";
				SWIFT_VERSION = 5.0;
				TARGETED_DEVICE_FAMILY = "1,2";
			};
			name = Release;
		};
		8D5A8DCC23CA9E1A00180782 /* Debug */ = {
			isa = XCBuildConfiguration;
			buildSettings = {
				ALWAYS_EMBED_SWIFT_STANDARD_LIBRARIES = YES;
				BUNDLE_LOADER = "$(TEST_HOST)";
				CODE_SIGN_STYLE = Automatic;
				DEVELOPMENT_TEAM = HXG58UK739;
				INFOPLIST_FILE = TodoSwiftUITests/Info.plist;
				IPHONEOS_DEPLOYMENT_TARGET = 13.2;
				LD_RUNPATH_SEARCH_PATHS = (
					"$(inherited)",
					"@executable_path/Frameworks",
					"@loader_path/Frameworks",
				);
				PRODUCT_BUNDLE_IDENTIFIER = lauracorssac.TodoSwiftUITests;
				PRODUCT_NAME = "$(TARGET_NAME)";
				SWIFT_VERSION = 5.0;
				TARGETED_DEVICE_FAMILY = "1,2";
				TEST_HOST = "$(BUILT_PRODUCTS_DIR)/TodoSwiftUI.app/TodoSwiftUI";
			};
			name = Debug;
		};
		8D5A8DCD23CA9E1A00180782 /* Release */ = {
			isa = XCBuildConfiguration;
			buildSettings = {
				ALWAYS_EMBED_SWIFT_STANDARD_LIBRARIES = YES;
				BUNDLE_LOADER = "$(TEST_HOST)";
				CODE_SIGN_STYLE = Automatic;
				DEVELOPMENT_TEAM = HXG58UK739;
				INFOPLIST_FILE = TodoSwiftUITests/Info.plist;
				IPHONEOS_DEPLOYMENT_TARGET = 13.2;
				LD_RUNPATH_SEARCH_PATHS = (
					"$(inherited)",
					"@executable_path/Frameworks",
					"@loader_path/Frameworks",
				);
				PRODUCT_BUNDLE_IDENTIFIER = lauracorssac.TodoSwiftUITests;
				PRODUCT_NAME = "$(TARGET_NAME)";
				SWIFT_VERSION = 5.0;
				TARGETED_DEVICE_FAMILY = "1,2";
				TEST_HOST = "$(BUILT_PRODUCTS_DIR)/TodoSwiftUI.app/TodoSwiftUI";
			};
			name = Release;
		};
/* End XCBuildConfiguration section */

/* Begin XCConfigurationList section */
		8D5A8DA423CA9E1200180782 /* Build configuration list for PBXProject "TodoSwiftUI" */ = {
			isa = XCConfigurationList;
			buildConfigurations = (
				8D5A8DC623CA9E1A00180782 /* Debug */,
				8D5A8DC723CA9E1A00180782 /* Release */,
			);
			defaultConfigurationIsVisible = 0;
			defaultConfigurationName = Release;
		};
		8D5A8DC823CA9E1A00180782 /* Build configuration list for PBXNativeTarget "TodoSwiftUI" */ = {
			isa = XCConfigurationList;
			buildConfigurations = (
				8D5A8DC923CA9E1A00180782 /* Debug */,
				8D5A8DCA23CA9E1A00180782 /* Release */,
			);
			defaultConfigurationIsVisible = 0;
			defaultConfigurationName = Release;
		};
		8D5A8DCB23CA9E1A00180782 /* Build configuration list for PBXNativeTarget "TodoSwiftUITests" */ = {
			isa = XCConfigurationList;
			buildConfigurations = (
				8D5A8DCC23CA9E1A00180782 /* Debug */,
				8D5A8DCD23CA9E1A00180782 /* Release */,
			);
			defaultConfigurationIsVisible = 0;
			defaultConfigurationName = Release;
		};
/* End XCConfigurationList section */

/* Begin XCVersionGroup section */
		8D7681E723E9B39800E13752 /* TodoSwiftUI.xcdatamodeld */ = {
			isa = XCVersionGroup;
			children = (
				8D7681E823E9B39800E13752 /* TodoSwiftUI.xcdatamodel */,
			);
			currentVersion = 8D7681E823E9B39800E13752 /* TodoSwiftUI.xcdatamodel */;
			path = TodoSwiftUI.xcdatamodeld;
			sourceTree = "<group>";
			versionGroupType = wrapper.xcdatamodel;
		};
/* End XCVersionGroup section */
	};
	rootObject = 8D5A8DA123CA9E1200180782 /* Project object */;
}
